
Microsoft Visual Studio Solution File, Format Version 12.00
# Visual Studio Version 17
VisualStudioVersion = 17.5.002.0
MinimumVisualStudioVersion = 10.0.40219.1
Project("{9A19103F-16F7-4668-BE54-9A1E7A4F7556}") = "Semeantica", "Semeantica.csproj", "{170C4F9D-303E-46AE-96E9-D07DEA056181}"
EndProject
Global
	GlobalSection(SolutionConfigurationPlatforms) = preSolution
		Debug|Any CPU = Debug|Any CPU
		Release|Any CPU = Release|Any CPU
	EndGlobalSection
	GlobalSection(ProjectConfigurationPlatforms) = postSolution
		{170C4F9D-303E-46AE-96E9-D07DEA056181}.Debug|Any CPU.ActiveCfg = Debug|Any CPU
		{170C4F9D-303E-46AE-96E9-D07DEA056181}.Debug|Any CPU.Build.0 = Debug|Any CPU
		{170C4F9D-303E-46AE-96E9-D07DEA056181}.Release|Any CPU.ActiveCfg = Release|Any CPU
		{170C4F9D-303E-46AE-96E9-D07DEA056181}.Release|Any CPU.Build.0 = Release|Any CPU
	EndGlobalSection
	GlobalSection(SolutionProperties) = preSolution
		HideSolutionNode = FALSE
	EndGlobalSection
	GlobalSection(ExtensibilityGlobals) = postSolution
		SolutionGuid = {4DC534E3-780F-441F-B93D-55063A0D8920}
	EndGlobalSection
EndGlobal
